
Microsoft Visual Studio Solution File, Format Version 12.00
# Visual Studio Version 17
VisualStudioVersion = 17.14.36408.4
MinimumVisualStudioVersion = 10.0.40219.1
Project("{FAE04EC0-301F-11D3-BF4B-00C04F79EFBC}") = "UniqueIpReporter", "UniqueIpReporter\UniqueIpReporter.csproj", "{1AA83549-C98D-47C8-AC15-69C4CE0D8D7F}"
EndProject
Project("{FAE04EC0-301F-11D3-BF4B-00C04F79EFBC}") = "UniqueIpReporter2", "UniqueIpReporter2\UniqueIpReporter2.csproj", "{6951EDE3-F01B-4B1E-BBED-BD5E4BCED0D3}"
EndProject
Project("{FAE04EC0-301F-11D3-BF4B-00C04F79EFBC}") = "UniqueIpReporter3", "UniqueIpReporter3\UniqueIpReporter3.csproj", "{22F3D8E4-B5E8-6A90-946A-98D9F940C7B7}"
EndProject
Global
	GlobalSection(SolutionConfigurationPlatforms) = preSolution
		Debug|Any CPU = Debug|Any CPU
		Release|Any CPU = Release|Any CPU
	EndGlobalSection
	GlobalSection(ProjectConfigurationPlatforms) = postSolution
		{1AA83549-C98D-47C8-AC15-69C4CE0D8D7F}.Debug|Any CPU.ActiveCfg = Debug|Any CPU
		{1AA83549-C98D-47C8-AC15-69C4CE0D8D7F}.Debug|Any CPU.Build.0 = Debug|Any CPU
		{1AA83549-C98D-47C8-AC15-69C4CE0D8D7F}.Release|Any CPU.ActiveCfg = Release|Any CPU
		{1AA83549-C98D-47C8-AC15-69C4CE0D8D7F}.Release|Any CPU.Build.0 = Release|Any CPU
		{6951EDE3-F01B-4B1E-BBED-BD5E4BCED0D3}.Debug|Any CPU.ActiveCfg = Debug|Any CPU
		{6951EDE3-F01B-4B1E-BBED-BD5E4BCED0D3}.Debug|Any CPU.Build.0 = Debug|Any CPU
		{6951EDE3-F01B-4B1E-BBED-BD5E4BCED0D3}.Release|Any CPU.ActiveCfg = Release|Any CPU
		{6951EDE3-F01B-4B1E-BBED-BD5E4BCED0D3}.Release|Any CPU.Build.0 = Release|Any CPU
		{22F3D8E4-B5E8-6A90-946A-98D9F940C7B7}.Debug|Any CPU.ActiveCfg = Debug|Any CPU
		{22F3D8E4-B5E8-6A90-946A-98D9F940C7B7}.Debug|Any CPU.Build.0 = Debug|Any CPU
		{22F3D8E4-B5E8-6A90-946A-98D9F940C7B7}.Release|Any CPU.ActiveCfg = Release|Any CPU
		{22F3D8E4-B5E8-6A90-946A-98D9F940C7B7}.Release|Any CPU.Build.0 = Release|Any CPU
	EndGlobalSection
	GlobalSection(SolutionProperties) = preSolution
		HideSolutionNode = FALSE
	EndGlobalSection
	GlobalSection(ExtensibilityGlobals) = postSolution
		SolutionGuid = {2B08E176-9F52-44AD-B37D-F7861FD47CAC}
	EndGlobalSection
EndGlobal
